
Microsoft Visual Studio Solution File, Format Version 12.00
# Visual Studio 2012
Project("{FAE04EC0-301F-11D3-BF4B-00C04F79EFBC}") = "Tests.WCF.Services", "TestPgWCFService\Tests.WCF.Services.csproj", "{15B3E0D2-6217-493A-A690-158C497F5318}"
EndProject
Project("{FAE04EC0-301F-11D3-BF4B-00C04F79EFBC}") = "Tests.WCF.Services.Data", "Tests.WCF.Services.Data\Tests.WCF.Services.Data.csproj", "{89C9A002-7B0F-41BC-A002-29E89992385D}"
EndProject
Project("{FAE04EC0-301F-11D3-BF4B-00C04F79EFBC}") = "Tests.WCF.Services.Objects", "Tests.WCF.Services.Objects\Tests.WCF.Services.Objects.csproj", "{D864091F-1011-4233-8849-23EAAA7D2576}"
EndProject
Project("{FAE04EC0-301F-11D3-BF4B-00C04F79EFBC}") = "ConsoleHostingService", "ConsoleHostingService\ConsoleHostingService.csproj", "{E59EA4A9-BFD7-4EC6-974E-0359F52F5A02}"
EndProject
Project("{FAE04EC0-301F-11D3-BF4B-00C04F79EFBC}") = "ConsoleHostingClient", "ConsoleHostingClient\ConsoleHostingClient.csproj", "{47CEA537-0FD2-4D2F-82E2-58B6C83C1C3F}"
EndProject
Global
	GlobalSection(SolutionConfigurationPlatforms) = preSolution
		Debug|Any CPU = Debug|Any CPU
		Release|Any CPU = Release|Any CPU
	EndGlobalSection
	GlobalSection(ProjectConfigurationPlatforms) = postSolution
		{15B3E0D2-6217-493A-A690-158C497F5318}.Debug|Any CPU.ActiveCfg = Debug|Any CPU
		{15B3E0D2-6217-493A-A690-158C497F5318}.Debug|Any CPU.Build.0 = Debug|Any CPU
		{15B3E0D2-6217-493A-A690-158C497F5318}.Release|Any CPU.ActiveCfg = Release|Any CPU
		{15B3E0D2-6217-493A-A690-158C497F5318}.Release|Any CPU.Build.0 = Release|Any CPU
		{89C9A002-7B0F-41BC-A002-29E89992385D}.Debug|Any CPU.ActiveCfg = Debug|Any CPU
		{89C9A002-7B0F-41BC-A002-29E89992385D}.Debug|Any CPU.Build.0 = Debug|Any CPU
		{89C9A002-7B0F-41BC-A002-29E89992385D}.Release|Any CPU.ActiveCfg = Release|Any CPU
		{89C9A002-7B0F-41BC-A002-29E89992385D}.Release|Any CPU.Build.0 = Release|Any CPU
		{D864091F-1011-4233-8849-23EAAA7D2576}.Debug|Any CPU.ActiveCfg = Debug|Any CPU
		{D864091F-1011-4233-8849-23EAAA7D2576}.Debug|Any CPU.Build.0 = Debug|Any CPU
		{D864091F-1011-4233-8849-23EAAA7D2576}.Release|Any CPU.ActiveCfg = Release|Any CPU
		{D864091F-1011-4233-8849-23EAAA7D2576}.Release|Any CPU.Build.0 = Release|Any CPU
		{E59EA4A9-BFD7-4EC6-974E-0359F52F5A02}.Debug|Any CPU.ActiveCfg = Debug|Any CPU
		{E59EA4A9-BFD7-4EC6-974E-0359F52F5A02}.Debug|Any CPU.Build.0 = Debug|Any CPU
		{E59EA4A9-BFD7-4EC6-974E-0359F52F5A02}.Release|Any CPU.ActiveCfg = Release|Any CPU
		{E59EA4A9-BFD7-4EC6-974E-0359F52F5A02}.Release|Any CPU.Build.0 = Release|Any CPU
		{47CEA537-0FD2-4D2F-82E2-58B6C83C1C3F}.Debug|Any CPU.ActiveCfg = Debug|Any CPU
		{47CEA537-0FD2-4D2F-82E2-58B6C83C1C3F}.Debug|Any CPU.Build.0 = Debug|Any CPU
		{47CEA537-0FD2-4D2F-82E2-58B6C83C1C3F}.Release|Any CPU.ActiveCfg = Release|Any CPU
		{47CEA537-0FD2-4D2F-82E2-58B6C83C1C3F}.Release|Any CPU.Build.0 = Release|Any CPU
	EndGlobalSection
	GlobalSection(SolutionProperties) = preSolution
		HideSolutionNode = FALSE
	EndGlobalSection
EndGlobal
